{
  "name": "ASCII_OBJ_Renderer",
  "lockfileVersion": 3,
  "requires": true,
  "packages": {
    "": {
      "dependencies": {
        "vite-plugin-cross-origin-isolation": "^0.1.6"
      }
    },
    "node_modules/vite-plugin-cross-origin-isolation": {
      "version": "0.1.6",
      "resolved": "https://registry.npmjs.org/vite-plugin-cross-origin-isolation/-/vite-plugin-cross-origin-isolation-0.1.6.tgz",
      "integrity": "sha512-OY0naW9nPUDrKTffYnY7FRYXOgZdHoNwMGpPxUmj/n32mGZi01fcq+J536jkmwGWX7DLT95XBQVHHbrAJzTvrw==",
      "license": "MIT"
    }
  }
}
